// !$*UTF8*$!
{
	archiveVersion = 1;
	classes = {
	};
	objectVersion = 48;
	objects = {

/* Begin PBXBuildFile section */
		E2B70DCB20911A3300F7DF12 /* AppDelegate.swift in Sources */ = {isa = PBXBuildFile; fileRef = E2B70DCA20911A3300F7DF12 /* AppDelegate.swift */; };
		E2B70DCD20911A3300F7DF12 /* ViewController.swift in Sources */ = {isa = PBXBuildFile; fileRef = E2B70DCC20911A3300F7DF12 /* ViewController.swift */; };
		E2B70DD020911A3300F7DF12 /* Main.storyboard in Resources */ = {isa = PBXBuildFile; fileRef = E2B70DCE20911A3300F7DF12 /* Main.storyboard */; };
		E2B70DD320911A3300F7DF12 /* ColeccionDeJuegos.xcdatamodeld in Sources */ = {isa = PBXBuildFile; fileRef = E2B70DD120911A3300F7DF12 /* ColeccionDeJuegos.xcdatamodeld */; };
		E2B70DD520911A3300F7DF12 /* Assets.xcassets in Resources */ = {isa = PBXBuildFile; fileRef = E2B70DD420911A3300F7DF12 /* Assets.xcassets */; };
		E2B70DD820911A3300F7DF12 /* LaunchScreen.storyboard in Resources */ = {isa = PBXBuildFile; fileRef = E2B70DD620911A3300F7DF12 /* LaunchScreen.storyboard */; };
		E2B70DE02091283F00F7DF12 /* JuegoViewController.swift in Sources */ = {isa = PBXBuildFile; fileRef = E2B70DDF2091283F00F7DF12 /* JuegoViewController.swift */; };
/* End PBXBuildFile section */

/* Begin PBXFileReference section */
		E2B70DC720911A3300F7DF12 /* ColeccionDeJuegos.app */ = {isa = PBXFileReference; explicitFileType = wrapper.application; includeInIndex = 0; path = ColeccionDeJuegos.app; sourceTree = BUILT_PRODUCTS_DIR; };
		E2B70DCA20911A3300F7DF12 /* AppDelegate.swift */ = {isa = PBXFileReference; lastKnownFileType = sourcecode.swift; path = AppDelegate.swift; sourceTree = "<group>"; };
		E2B70DCC20911A3300F7DF12 /* ViewController.swift */ = {isa = PBXFileReference; lastKnownFileType = sourcecode.swift; path = ViewController.swift; sourceTree = "<group>"; };
		E2B70DCF20911A3300F7DF12 /* Base */ = {isa = PBXFileReference; lastKnownFileType = file.storyboard; name = Base; path = Base.lproj/Main.storyboard; sourceTree = "<group>"; };
		E2B70DD220911A3300F7DF12 /* ColeccionDeJuegos.xcdatamodel */ = {isa = PBXFileReference; lastKnownFileType = wrapper.xcdatamodel; path = ColeccionDeJuegos.xcdatamodel; sourceTree = "<group>"; };
		E2B70DD420911A3300F7DF12 /* Assets.xcassets */ = {isa = PBXFileReference; lastKnownFileType = folder.assetcatalog; path = Assets.xcassets; sourceTree = "<group>"; };
		E2B70DD720911A3300F7DF12 /* Base */ = {isa = PBXFileReference; lastKnownFileType = file.storyboard; name = Base; path = Base.lproj/LaunchScreen.storyboard; sourceTree = "<group>"; };
		E2B70DD920911A3300F7DF12 /* Info.plist */ = {isa = PBXFileReference; lastKnownFileType = text.plist.xml; path = Info.plist; sourceTree = "<group>"; };
		E2B70DDF2091283F00F7DF12 /* JuegoViewController.swift */ = {isa = PBXFileReference; lastKnownFileType = sourcecode.swift; path = JuegoViewController.swift; sourceTree = "<group>"; };
/* End PBXFileReference section */

/* Begin PBXFrameworksBuildPhase section */
		E2B70DC420911A3200F7DF12 /* Frameworks */ = {
			isa = PBXFrameworksBuildPhase;
			buildActionMask = 2147483647;
			files = (
			);
			runOnlyForDeploymentPostprocessing = 0;
		};
/* End PBXFrameworksBuildPhase section */

/* Begin PBXGroup section */
		E2B70DBE20911A3200F7DF12 = {
			isa = PBXGroup;
			children = (
				E2B70DC920911A3300F7DF12 /* ColeccionDeJuegos */,
				E2B70DC820911A3300F7DF12 /* Products */,
			);
			sourceTree = "<group>";
		};
		E2B70DC820911A3300F7DF12 /* Products */ = {
			isa = PBXGroup;
			children = (
				E2B70DC720911A3300F7DF12 /* ColeccionDeJuegos.app */,
			);
			name = Products;
			sourceTree = "<group>";
		};
		E2B70DC920911A3300F7DF12 /* ColeccionDeJuegos */ = {
			isa = PBXGroup;
			children = (
				E2B70DCA20911A3300F7DF12 /* AppDelegate.swift */,
				E2B70DCC20911A3300F7DF12 /* ViewController.swift */,
				E2B70DCE20911A3300F7DF12 /* Main.storyboard */,
				E2B70DD420911A3300F7DF12 /* Assets.xcassets */,
				E2B70DD620911A3300F7DF12 /* LaunchScreen.storyboard */,
				E2B70DD920911A3300F7DF12 /* Info.plist */,
				E2B70DD120911A3300F7DF12 /* ColeccionDeJuegos.xcdatamodeld */,
				E2B70DDF2091283F00F7DF12 /* JuegoViewController.swift */,
			);
			path = ColeccionDeJuegos;
			sourceTree = "<group>";
		};
/* End PBXGroup section */

/* Begin PBXNativeTarget section */
		E2B70DC620911A3200F7DF12 /* ColeccionDeJuegos */ = {
			isa = PBXNativeTarget;
			buildConfigurationList = E2B70DDC20911A3300F7DF12 /* Build configuration list for PBXNativeTarget "ColeccionDeJuegos" */;
			buildPhases = (
				E2B70DC320911A3200F7DF12 /* Sources */,
				E2B70DC420911A3200F7DF12 /* Frameworks */,
				E2B70DC520911A3200F7DF12 /* Resources */,
			);
			buildRules = (
			);
			dependencies = (
			);
			name = ColeccionDeJuegos;
			productName = ColeccionDeJuegos;
			productReference = E2B70DC720911A3300F7DF12 /* ColeccionDeJuegos.app */;
			productType = "com.apple.product-type.application";
		};
/* End PBXNativeTarget section */

/* Begin PBXProject section */
		E2B70DBF20911A3200F7DF12 /* Project object */ = {
			isa = PBXProject;
			attributes = {
				LastSwiftUpdateCheck = 0920;
				LastUpgradeCheck = 0920;
				ORGANIZATIONNAME = Tecsup;
				TargetAttributes = {
					E2B70DC620911A3200F7DF12 = {
						CreatedOnToolsVersion = 9.2;
						ProvisioningStyle = Automatic;
					};
				};
			};
			buildConfigurationList = E2B70DC220911A3200F7DF12 /* Build configuration list for PBXProject "ColeccionDeJuegos" */;
			compatibilityVersion = "Xcode 8.0";
			developmentRegion = en;
			hasScannedForEncodings = 0;
			knownRegions = (
				en,
				Base,
			);
			mainGroup = E2B70DBE20911A3200F7DF12;
			productRefGroup = E2B70DC820911A3300F7DF12 /* Products */;
			projectDirPath = "";
			projectRoot = "";
			targets = (
				E2B70DC620911A3200F7DF12 /* ColeccionDeJuegos */,
			);
		};
/* End PBXProject section */

/* Begin PBXResourcesBuildPhase section */
		E2B70DC520911A3200F7DF12 /* Resources */ = {
			isa = PBXResourcesBuildPhase;
			buildActionMask = 2147483647;
			files = (
				E2B70DD820911A3300F7DF12 /* LaunchScreen.storyboard in Resources */,
				E2B70DD520911A3300F7DF12 /* Assets.xcassets in Resources */,
				E2B70DD020911A3300F7DF12 /* Main.storyboard in Resources */,
			);
			runOnlyForDeploymentPostprocessing = 0;
		};
/* End PBXResourcesBuildPhase section */

/* Begin PBXSourcesBuildPhase section */
		E2B70DC320911A3200F7DF12 /* Sources */ = {
			isa = PBXSourcesBuildPhase;
			buildActionMask = 2147483647;
			files = (
				E2B70DCD20911A3300F7DF12 /* ViewController.swift in Sources */,
				E2B70DE02091283F00F7DF12 /* JuegoViewController.swift in Sources */,
				E2B70DCB20911A3300F7DF12 /* AppDelegate.swift in Sources */,
				E2B70DD320911A3300F7DF12 /* ColeccionDeJuegos.xcdatamodeld in Sources */,
			);
			runOnlyForDeploymentPostprocessing = 0;
		};
/* End PBXSourcesBuildPhase section */

/* Begin PBXVariantGroup section */
		E2B70DCE20911A3300F7DF12 /* Main.storyboard */ = {
			isa = PBXVariantGroup;
			children = (
				E2B70DCF20911A3300F7DF12 /* Base */,
			);
			name = Main.storyboard;
			sourceTree = "<group>";
		};
		E2B70DD620911A3300F7DF12 /* LaunchScreen.storyboard */ = {
			isa = PBXVariantGroup;
			children = (
				E2B70DD720911A3300F7DF12 /* Base */,
			);
			name = LaunchScreen.storyboard;
			sourceTree = "<group>";
		};
/* End PBXVariantGroup section */

/* Begin XCBuildConfiguration section */
		E2B70DDA20911A3300F7DF12 /* Debug */ = {
			isa = XCBuildConfiguration;
			buildSettings = {
				ALWAYS_SEARCH_USER_PATHS = NO;
				CLANG_ANALYZER_NONNULL = YES;
				CLANG_ANALYZER_NUMBER_OBJECT_CONVERSION = YES_AGGRESSIVE;
				CLANG_CXX_LANGUAGE_STANDARD = "gnu++14";
				CLANG_CXX_LIBRARY = "libc++";
				CLANG_ENABLE_MODULES = YES;
				CLANG_ENABLE_OBJC_ARC = YES;
				CLANG_WARN_BLOCK_CAPTURE_AUTORELEASING = YES;
				CLANG_WARN_BOOL_CONVERSION = YES;
				CLANG_WARN_COMMA = YES;
				CLANG_WARN_CONSTANT_CONVERSION = YES;
				CLANG_WARN_DIRECT_OBJC_ISA_USAGE = YES_ERROR;
				CLANG_WARN_DOCUMENTATION_COMMENTS = YES;
				CLANG_WARN_EMPTY_BODY = YES;
				CLANG_WARN_ENUM_CONVERSION = YES;
				CLANG_WARN_INFINITE_RECURSION = YES;
				CLANG_WARN_INT_CONVERSION = YES;
				CLANG_WARN_NON_LITERAL_NULL_CONVERSION = YES;
				CLANG_WARN_OBJC_LITERAL_CONVERSION = YES;
				CLANG_WARN_OBJC_ROOT_CLASS = YES_ERROR;
				CLANG_WARN_RANGE_LOOP_ANALYSIS = YES;
				CLANG_WARN_STRICT_PROTOTYPES = YES;
				CLANG_WARN_SUSPICIOUS_MOVE = YES;
				CLANG_WARN_UNGUARDED_AVAILABILITY = YES_AGGRESSIVE;
				CLANG_WARN_UNREACHABLE_CODE = YES;
				CLANG_WARN__DUPLICATE_METHOD_MATCH = YES;
				CODE_SIGN_IDENTITY = "iPhone Developer";
				COPY_PHASE_STRIP = NO;
				DEBUG_INFORMATION_FORMAT = dwarf;
				ENABLE_STRICT_OBJC_MSGSEND = YES;
				ENABLE_TESTABILITY = YES;
				GCC_C_LANGUAGE_STANDARD = gnu11;
				GCC_DYNAMIC_NO_PIC = NO;
				GCC_NO_COMMON_BLOCKS = YES;
				GCC_OPTIMIZATION_LEVEL = 0;
				GCC_PREPROCESSOR_DEFINITIONS = (
					"DEBUG=1",
					"$(inherited)",
				);
				GCC_WARN_64_TO_32_BIT_CONVERSION = YES;
				GCC_WARN_ABOUT_RETURN_TYPE = YES_ERROR;
				GCC_WARN_UNDECLARED_SELECTOR = YES;
				GCC_WARN_UNINITIALIZED_AUTOS = YES_AGGRESSIVE;
				GCC_WARN_UNUSED_FUNCTION = YES;
				GCC_WARN_UNUSED_VARIABLE = YES;
				IPHONEOS_DEPLOYMENT_TARGET = 11.2;
				MTL_ENABLE_DEBUG_INFO = YES;
				ONLY_ACTIVE_ARCH = YES;
				SDKROOT = iphoneos;
				SWIFT_ACTIVE_COMPILATION_CONDITIONS = DEBUG;
				SWIFT_OPTIMIZATION_LEVEL = "-Onone";
			};
			name = Debug;
		};
		E2B70DDB20911A3300F7DF12 /* Release */ = {
			isa = XCBuildConfiguration;
			buildSettings = {
				ALWAYS_SEARCH_USER_PATHS = NO;
				CLANG_ANALYZER_NONNULL = YES;
				CLANG_ANALYZER_NUMBER_OBJECT_CONVERSION = YES_AGGRESSIVE;
				CLANG_CXX_LANGUAGE_STANDARD = "gnu++14";
				CLANG_CXX_LIBRARY = "libc++";
				CLANG_ENABLE_MODULES = YES;
				CLANG_ENABLE_OBJC_ARC = YES;
				CLANG_WARN_BLOCK_CAPTURE_AUTORELEASING = YES;
				CLANG_WARN_BOOL_CONVERSION = YES;
				CLANG_WARN_COMMA = YES;
				CLANG_WARN_CONSTANT_CONVERSION = YES;
				CLANG_WARN_DIRECT_OBJC_ISA_USAGE = YES_ERROR;
				CLANG_WARN_DOCUMENTATION_COMMENTS = YES;
				CLANG_WARN_EMPTY_BODY = YES;
				CLANG_WARN_ENUM_CONVERSION = YES;
				CLANG_WARN_INFINITE_RECURSION = YES;
				CLANG_WARN_INT_CONVERSION = YES;
				CLANG_WARN_NON_LITERAL_NULL_CONVERSION = YES;
				CLANG_WARN_OBJC_LITERAL_CONVERSION = YES;
				CLANG_WARN_OBJC_ROOT_CLASS = YES_ERROR;
				CLANG_WARN_RANGE_LOOP_ANALYSIS = YES;
				CLANG_WARN_STRICT_PROTOTYPES = YES;
				CLANG_WARN_SUSPICIOUS_MOVE = YES;
				CLANG_WARN_UNGUARDED_AVAILABILITY = YES_AGGRESSIVE;
				CLANG_WARN_UNREACHABLE_CODE = YES;
				CLANG_WARN__DUPLICATE_METHOD_MATCH = YES;
				CODE_SIGN_IDENTITY = "iPhone Developer";
				COPY_PHASE_STRIP = NO;
				DEBUG_INFORMATION_FORMAT = "dwarf-with-dsym";
				ENABLE_NS_ASSERTIONS = NO;
				ENABLE_STRICT_OBJC_MSGSEND = YES;
				GCC_C_LANGUAGE_STANDARD = gnu11;
				GCC_NO_COMMON_BLOCKS = YES;
				GCC_WARN_64_TO_32_BIT_CONVERSION = YES;
				GCC_WARN_ABOUT_RETURN_TYPE = YES_ERROR;
				GCC_WARN_UNDECLARED_SELECTOR = YES;
				GCC_WARN_UNINITIALIZED_AUTOS = YES_AGGRESSIVE;
				GCC_WARN_UNUSED_FUNCTION = YES;
				GCC_WARN_UNUSED_VARIABLE = YES;
				IPHONEOS_DEPLOYMENT_TARGET = 11.2;
				MTL_ENABLE_DEBUG_INFO = NO;
				SDKROOT = iphoneos;
				SWIFT_OPTIMIZATION_LEVEL = "-Owholemodule";
				VALIDATE_PRODUCT = YES;
			};
			name = Release;
		};
		E2B70DDD20911A3300F7DF12 /* Debug */ = {
			isa = XCBuildConfiguration;
			buildSettings = {
				ASSETCATALOG_COMPILER_APPICON_NAME = AppIcon;
				CODE_SIGN_STYLE = Automatic;
				DEVELOPMENT_TEAM = XX7PY6V8U9;
				INFOPLIST_FILE = ColeccionDeJuegos/Info.plist;
				IPHONEOS_DEPLOYMENT_TARGET = 11.2;
				LD_RUNPATH_SEARCH_PATHS = "$(inherited) @executable_path/Frameworks";
				PRODUCT_BUNDLE_IDENTIFIER = com.cruz.ColeccionDeJuegos;
				PRODUCT_NAME = "$(TARGET_NAME)";
				SWIFT_VERSION = 4.0;
				TARGETED_DEVICE_FAMILY = "1,2";
			};
			name = Debug;
		};
		E2B70DDE20911A3300F7DF12 /* Release */ = {
			isa = XCBuildConfiguration;
			buildSettings = {
				ASSETCATALOG_COMPILER_APPICON_NAME = AppIcon;
				CODE_SIGN_STYLE = Automatic;
				DEVELOPMENT_TEAM = XX7PY6V8U9;
				INFOPLIST_FILE = ColeccionDeJuegos/Info.plist;
				IPHONEOS_DEPLOYMENT_TARGET = 11.2;
				LD_RUNPATH_SEARCH_PATHS = "$(inherited) @executable_path/Frameworks";
				PRODUCT_BUNDLE_IDENTIFIER = com.cruz.ColeccionDeJuegos;
				PRODUCT_NAME = "$(TARGET_NAME)";
				SWIFT_VERSION = 4.0;
				TARGETED_DEVICE_FAMILY = "1,2";
			};
			name = Release;
		};
/* End XCBuildConfiguration section */

/* Begin XCConfigurationList section */
		E2B70DC220911A3200F7DF12 /* Build configuration list for PBXProject "ColeccionDeJuegos" */ = {
			isa = XCConfigurationList;
			buildConfigurations = (
				E2B70DDA20911A3300F7DF12 /* Debug */,
				E2B70DDB20911A3300F7DF12 /* Release */,
			);
			defaultConfigurationIsVisible = 0;
			defaultConfigurationName = Release;
		};
		E2B70DDC20911A3300F7DF12 /* Build configuration list for PBXNativeTarget "ColeccionDeJuegos" */ = {
			isa = XCConfigurationList;
			buildConfigurations = (
				E2B70DDD20911A3300F7DF12 /* Debug */,
				E2B70DDE20911A3300F7DF12 /* Release */,
			);
			defaultConfigurationIsVisible = 0;
			defaultConfigurationName = Release;
		};
/* End XCConfigurationList section */

/* Begin XCVersionGroup section */
		E2B70DD120911A3300F7DF12 /* ColeccionDeJuegos.xcdatamodeld */ = {
			isa = XCVersionGroup;
			children = (
				E2B70DD220911A3300F7DF12 /* ColeccionDeJuegos.xcdatamodel */,
			);
			currentVersion = E2B70DD220911A3300F7DF12 /* ColeccionDeJuegos.xcdatamodel */;
			path = ColeccionDeJuegos.xcdatamodeld;
			sourceTree = "<group>";
			versionGroupType = wrapper.xcdatamodel;
		};
/* End XCVersionGroup section */
	};
	rootObject = E2B70DBF20911A3200F7DF12 /* Project object */;
}
